github.com/beevik/etree v1.1.0 h1:T0xke/WvNtMoCqgzPhkX2r4rjY3GDZFi+FjpRZY2Jbs=
github.com/beevik/etree v1.1.0/go.mod h1:r8Aw8JqVegEf0w2fDnATrX9VpkMcyFeM0FhwO62wh+A=
github.com/ktye/pptx/pptxt v0.0.0-20200218174659-d9ec05adc37b h1:uDn8lgyI6XHghNy5tINHM4i+sGsIN9U9KAVncz2sWIg=
github.com/ktye/pptx/pptxt v0.0.0-20200218174659-d9ec05adc37b/go.mod h1:xGdkvt3wmJ80WXl1HCegr51b2WBZvsTh063RDjliUjQ=
